{
  "name": "get-api-admin-users",
  "lockfileVersion": 3,
  "requires": true,
  "packages": {
    "": {
      "dependencies": {
        "@architect/functions": "^8.1.9",
        "@libsql/client": "^0.17.3",
        "better-auth": "^1.6.12",
        "date-fns": "^4.1.0"
      }
    },
    "node_modules/@architect/functions": {
      "version": "8.1.9",
      "resolved": "https://registry.npmjs.org/@architect/functions/-/functions-8.1.9.tgz",
      "integrity": "sha512-hyNKhpwdUxkclKVys3JaX1y/GgTqAOKmVS6Kh7+VZ8+/Gr5KnDzQixH62oqp2TjxtFKazOWthjEs9xSlG7hNJg==",
      "license": "Apache-2.0",
      "dependencies": {
        "@aws-lite/apigatewaymanagementapi": "^0.0.10",
        "@aws-lite/client": "^0.22.4",
        "@aws-lite/dynamodb": "^0.3.9",
        "@aws-lite/sns": "^0.0.8",
        "@aws-lite/sqs": "^0.2.4",
        "@aws-lite/ssm": "^0.2.5",
        "cookie": "^1.0.2",
        "cookie-signature": "^1.2.2",
        "csrf": "^3.1.0",
        "node-webtokens": "^1.0.4",
        "run-parallel": "^1.2.0",
        "run-waterfall": "^1.1.7",
        "uid-safe": "^2.1.5"
      },
      "engines": {
        "node": ">=16"
      }
    },
    "node_modules/@aws-lite/apigatewaymanagementapi": {
      "version": "0.0.10",
      "resolved": "https://registry.npmjs.org/@aws-lite/apigatewaymanagementapi/-/apigatewaymanagementapi-0.0.10.tgz",
      "integrity": "sha512-fIkUYTV4TF0wnNwzvbqWou/I0bxGsgJbbawBmeKoJIc+3yc2PzOIP6RqNPmWjlUHsuI7QnymPgWljWfvExlaVg==",
      "license": "Apache-2.0",
      "engines": {
        "node": ">=16"
      }
    },
    "node_modules/@aws-lite/client": {
      "version": "0.22.4",
      "resolved": "https://registry.npmjs.org/@aws-lite/client/-/client-0.22.4.tgz",
      "integrity": "sha512-52ua/U3+JXecuTtrTZ1XjSbDL2S+iyfOD/1daYRnPQ83YPNzo4BJe1iIVwtZbJB6goLyeVolxSlPmnuqF6JFvw==",
      "license": "Apache-2.0",
      "workspaces": [
        "plugins/acm",
        "plugins/apigateway",
        "plugins/apigatewaymanagementapi",
        "plugins/apigatewayv2",
        "plugins/cloudformation",
        "plugins/cloudfront",
        "plugins/cloudwatch-logs",
        "plugins/dynamodb",
        "plugins/iam",
        "plugins/lambda",
        "plugins/organizations",
        "plugins/rds-data",
        "plugins/route53",
        "plugins/s3",
        "plugins/sns",
        "plugins/sqs",
        "plugins/ssm",
        "plugins/sts"
      ],
      "dependencies": {
        "aws4": "^1.13.0"
      },
      "engines": {
        "node": ">=16"
      }
    },
    "node_modules/@aws-lite/dynamodb": {
      "version": "0.3.9",
      "resolved": "https://registry.npmjs.org/@aws-lite/dynamodb/-/dynamodb-0.3.9.tgz",
      "integrity": "sha512-jrMAWwxoAMVJ3z0/mI/GzPM5AfGmH+xzTpNIbjg3+2WdYJRqvIf8025XJdCDtS9/4x8zogdchEp3ZelXnwYyqw==",
      "license": "Apache-2.0",
      "engines": {
        "node": ">=16"
      }
    },
    "node_modules/@aws-lite/sns": {
      "version": "0.0.8",
      "resolved": "https://registry.npmjs.org/@aws-lite/sns/-/sns-0.0.8.tgz",
      "integrity": "sha512-MIzHe66kLNyzPFY/DX30uN7DlVQsnBiHPYbq/7syNWuoYSG8bkWuUX2CVIuSL7Ji5jaLpQ4lf8/VQ+SiAeoIZA==",
      "license": "Apache-2.0",
      "engines": {
        "node": ">=16"
      }
    },
    "node_modules/@aws-lite/sqs": {
      "version": "0.2.4",
      "resolved": "https://registry.npmjs.org/@aws-lite/sqs/-/sqs-0.2.4.tgz",
      "integrity": "sha512-a1M3HDdkNE/xJfASlfisAaZ8XF6FpvoJbJsH/gr6pogEFWgNQyvmPVNRElnDY7JW3ee82sEOkMukYRdAbjytNQ==",
      "license": "Apache-2.0",
      "engines": {
        "node": ">=16"
      }
    },
    "node_modules/@aws-lite/ssm": {
      "version": "0.2.5",
      "resolved": "https://registry.npmjs.org/@aws-lite/ssm/-/ssm-0.2.5.tgz",
      "integrity": "sha512-1B8mZ79ySqlTEfSQ87KZ0XkmTOKQFMO3lUYUGUtwNTUncJINr6nhRWEjk128oBWwEQnpJ7NfpDPjdfg1ICe3xw==",
      "license": "Apache-2.0",
      "engines": {
        "node": ">=16"
      }
    },
    "node_modules/@better-auth/core": {
      "version": "1.6.12",
      "resolved": "https://registry.npmjs.org/@better-auth/core/-/core-1.6.12.tgz",
      "integrity": "sha512-6mXtYSYfo6TvHHCZAZmfjvIQQtBDWzWzwy9iIWPEoede2lP2SuJzkfIQNuTtIGzZcn7a9iuzIm1jWDBzfnBARg==",
      "license": "MIT",
      "dependencies": {
        "@opentelemetry/semantic-conventions": "^1.39.0",
        "@standard-schema/spec": "^1.1.0",
        "zod": "^4.3.6"
      },
      "peerDependencies": {
        "@better-auth/utils": "0.4.1",
        "@better-fetch/fetch": "1.1.21",
        "@cloudflare/workers-types": ">=4",
        "@opentelemetry/api": "^1.9.0",
        "better-call": "1.3.5",
        "jose": "^6.1.0",
        "kysely": "^0.28.5 || ^0.29.0",
        "nanostores": "^1.0.1"
      },
      "peerDependenciesMeta": {
        "@cloudflare/workers-types": {
          "optional": true
        },
        "@opentelemetry/api": {
          "optional": true
        }
      }
    },
    "node_modules/@better-auth/drizzle-adapter": {
      "version": "1.6.12",
      "resolved": "https://registry.npmjs.org/@better-auth/drizzle-adapter/-/drizzle-adapter-1.6.12.tgz",
      "integrity": "sha512-g0sKQstvXHH70s+TjAXo86cNyWV60ahhJm1sow27RyW41U10vfBehOFinU3GPESyxl/fEr9D27rk3jdl6E3l3A==",
      "license": "MIT",
      "peerDependencies": {
        "@better-auth/core": "^1.6.12",
        "@better-auth/utils": "0.4.1",
        "drizzle-orm": "^0.45.2"
      },
      "peerDependenciesMeta": {
        "drizzle-orm": {
          "optional": true
        }
      }
    },
    "node_modules/@better-auth/kysely-adapter": {
      "version": "1.6.12",
      "resolved": "https://registry.npmjs.org/@better-auth/kysely-adapter/-/kysely-adapter-1.6.12.tgz",
      "integrity": "sha512-KhPwPmLj+MoTVGV6goPfCYf/7Fuiy2Q37GEWhvQdoFjkYKbGo995OoghBVNBnAYOakYvTYjG0JebCfiETBVX3g==",
      "license": "MIT",
      "peerDependencies": {
        "@better-auth/core": "^1.6.12",
        "@better-auth/utils": "0.4.1",
        "kysely": "^0.28.17 || ^0.29.0"
      },
      "peerDependenciesMeta": {
        "kysely": {
          "optional": true
        }
      }
    },
    "node_modules/@better-auth/memory-adapter": {
      "version": "1.6.12",
      "resolved": "https://registry.npmjs.org/@better-auth/memory-adapter/-/memory-adapter-1.6.12.tgz",
      "integrity": "sha512-flblsePBCcB0DA6hewAOupxyypNTQczZvkNYvRrsVlBDIh0+vHBU/dTjoDmuQnZ3egTdFNnMeC+VrNnqt/GFUg==",
      "license": "MIT",
      "peerDependencies": {
        "@better-auth/core": "^1.6.12",
        "@better-auth/utils": "0.4.1"
      }
    },
    "node_modules/@better-auth/mongo-adapter": {
      "version": "1.6.12",
      "resolved": "https://registry.npmjs.org/@better-auth/mongo-adapter/-/mongo-adapter-1.6.12.tgz",
      "integrity": "sha512-IeiHZN9PtIyiqYgTDlrmm8sYI++5p1OI49uWB7LHg2+touiaNUGe0uWYymQpw1zq1e8FJxKlwvOc5vw6nGrI6g==",
      "license": "MIT",
      "peerDependencies": {
        "@better-auth/core": "^1.6.12",
        "@better-auth/utils": "0.4.1",
        "mongodb": "^6.0.0 || ^7.0.0"
      },
      "peerDependenciesMeta": {
        "mongodb": {
          "optional": true
        }
      }
    },
    "node_modules/@better-auth/prisma-adapter": {
      "version": "1.6.12",
      "resolved": "https://registry.npmjs.org/@better-auth/prisma-adapter/-/prisma-adapter-1.6.12.tgz",
      "integrity": "sha512-+GvU8vZ3aJUHDBuR5PxtU5OpPQS2T9ND7s2JYm63bD6rnYztLwEo8bwHL3BvsTwSvCjFHZCtsn1A+6qyoOzTMw==",
      "license": "MIT",
      "peerDependencies": {
        "@better-auth/core": "^1.6.12",
        "@better-auth/utils": "0.4.1",
        "@prisma/client": "^5.0.0 || ^6.0.0 || ^7.0.0",
        "prisma": "^5.0.0 || ^6.0.0 || ^7.0.0"
      },
      "peerDependenciesMeta": {
        "@prisma/client": {
          "optional": true
        },
        "prisma": {
          "optional": true
        }
      }
    },
    "node_modules/@better-auth/telemetry": {
      "version": "1.6.12",
      "resolved": "https://registry.npmjs.org/@better-auth/telemetry/-/telemetry-1.6.12.tgz",
      "integrity": "sha512-g59qLPq9SROyku0X5tiZpXXiVrsbjB1QA6OctOt9svzj7NjCFBoCAO9QlBiOTUolo0l9CF6fLlc85PoBkY5RtA==",
      "license": "MIT",
      "peerDependencies": {
        "@better-auth/core": "^1.6.12",
        "@better-auth/utils": "0.4.1",
        "@better-fetch/fetch": "1.1.21"
      }
    },
    "node_modules/@better-auth/utils": {
      "version": "0.4.1",
      "resolved": "https://registry.npmjs.org/@better-auth/utils/-/utils-0.4.1.tgz",
      "integrity": "sha512-SZBPRPF3z0nBvE5ygOkxae35wnnXPRShmqFo78S+qslLeFoPu/pMgnXAuNKFMMybac3tiLaVg1e3MQW5MC+1iA==",
      "license": "MIT",
      "dependencies": {
        "@noble/hashes": "^2.0.1"
      }
    },
    "node_modules/@better-fetch/fetch": {
      "version": "1.1.21",
      "resolved": "https://registry.npmjs.org/@better-fetch/fetch/-/fetch-1.1.21.tgz",
      "integrity": "sha512-/ImESw0sskqlVR94jB+5+Pxjf+xBwDZF/N5+y2/q4EqD7IARUTSpPfIo8uf39SYpCxyOCtbyYpUrZ3F/k0zT4A=="
    },
    "node_modules/@libsql/client": {
      "version": "0.17.3",
      "resolved": "https://registry.npmjs.org/@libsql/client/-/client-0.17.3.tgz",
      "integrity": "sha512-HXk9wiAoJbKFbyBH4O+aEhN6ir5ERXuXvwE5OD2eR4/5RUa3Pw/8L9zrnVdU+iNJitRvisPWaIwmhkO3bH7giA==",
      "license": "MIT",
      "dependencies": {
        "@libsql/core": "^0.17.3",
        "@libsql/hrana-client": "^0.10.0",
        "js-base64": "^3.7.5",
        "libsql": "^0.5.28",
        "promise-limit": "^2.7.0"
      }
    },
    "node_modules/@libsql/core": {
      "version": "0.17.3",
      "resolved": "https://registry.npmjs.org/@libsql/core/-/core-0.17.3.tgz",
      "integrity": "sha512-2UjK1i7JBkMduJo4WdvvBxMMvVJ31pArBZNONyz/GCJJAH+1UHat2X6vn10S/WpY5fKzIT98WqYFl2vzWRLOfg==",
      "license": "MIT",
      "dependencies": {
        "js-base64": "^3.7.5"
      }
    },
    "node_modules/@libsql/darwin-arm64": {
      "version": "0.5.29",
      "resolved": "https://registry.npmjs.org/@libsql/darwin-arm64/-/darwin-arm64-0.5.29.tgz",
      "integrity": "sha512-K+2RIB1OGFPYQbfay48GakLhqf3ArcbHqPFu7EZiaUcRgFcdw8RoltsMyvbj5ix2fY0HV3Q3Ioa/ByvQdaSM0A==",
      "cpu": [
        "arm64"
      ],
      "license": "MIT",
      "optional": true,
      "os": [
        "darwin"
      ]
    },
    "node_modules/@libsql/darwin-x64": {
      "version": "0.5.29",
      "resolved": "https://registry.npmjs.org/@libsql/darwin-x64/-/darwin-x64-0.5.29.tgz",
      "integrity": "sha512-OtT+KFHsKFy1R5FVadr8FJ2Bb1mghtXTyJkxv0trocq7NuHntSki1eUbxpO5ezJesDvBlqFjnWaYYY516QNLhQ==",
      "cpu": [
        "x64"
      ],
      "license": "MIT",
      "optional": true,
      "os": [
        "darwin"
      ]
    },
    "node_modules/@libsql/hrana-client": {
      "version": "0.10.0",
      "resolved": "https://registry.npmjs.org/@libsql/hrana-client/-/hrana-client-0.10.0.tgz",
      "integrity": "sha512-OoA4EMqRAC7kn7V2P6EQqRcpZf2W+AjsNIyCizBg339Tq/aMC7sRnzs3SklderhmQWAqEzvv8A2vhxVmWpkVvw==",
      "license": "MIT",
      "dependencies": {
        "@libsql/isomorphic-ws": "^0.1.5",
        "js-base64": "^3.7.5"
      }
    },
    "node_modules/@libsql/isomorphic-ws": {
      "version": "0.1.5",
      "resolved": "https://registry.npmjs.org/@libsql/isomorphic-ws/-/isomorphic-ws-0.1.5.tgz",
      "integrity": "sha512-DtLWIH29onUYR00i0GlQ3UdcTRC6EP4u9w/h9LxpUZJWRMARk6dQwZ6Jkd+QdwVpuAOrdxt18v0K2uIYR3fwFg==",
      "license": "MIT",
      "dependencies": {
        "@types/ws": "^8.5.4",
        "ws": "^8.13.0"
      }
    },
    "node_modules/@libsql/linux-arm-gnueabihf": {
      "version": "0.5.29",
      "resolved": "https://registry.npmjs.org/@libsql/linux-arm-gnueabihf/-/linux-arm-gnueabihf-0.5.29.tgz",
      "integrity": "sha512-CD4n4zj7SJTHso4nf5cuMoWoMSS7asn5hHygsDuhRl8jjjCTT3yE+xdUvI4J7zsyb53VO5ISh4cwwOtf6k2UhQ==",
      "cpu": [
        "arm"
      ],
      "license": "MIT",
      "optional": true,
      "os": [
        "linux"
      ]
    },
    "node_modules/@libsql/linux-arm-musleabihf": {
      "version": "0.5.29",
      "resolved": "https://registry.npmjs.org/@libsql/linux-arm-musleabihf/-/linux-arm-musleabihf-0.5.29.tgz",
      "integrity": "sha512-2Z9qBVpEJV7OeflzIR3+l5yAd4uTOLxklScYTwpZnkm2vDSGlC1PRlueLaufc4EFITkLKXK2MWBpexuNJfMVcg==",
      "cpu": [
        "arm"
      ],
      "license": "MIT",
      "optional": true,
      "os": [
        "linux"
      ]
    },
    "node_modules/@libsql/linux-arm64-gnu": {
      "version": "0.5.29",
      "resolved": "https://registry.npmjs.org/@libsql/linux-arm64-gnu/-/linux-arm64-gnu-0.5.29.tgz",
      "integrity": "sha512-gURBqaiXIGGwFNEaUj8Ldk7Hps4STtG+31aEidCk5evMMdtsdfL3HPCpvys+ZF/tkOs2MWlRWoSq7SOuCE9k3w==",
      "cpu": [
        "arm64"
      ],
      "license": "MIT",
      "optional": true,
      "os": [
        "linux"
      ]
    },
    "node_modules/@libsql/linux-arm64-musl": {
      "version": "0.5.29",
      "resolved": "https://registry.npmjs.org/@libsql/linux-arm64-musl/-/linux-arm64-musl-0.5.29.tgz",
      "integrity": "sha512-fwgYZ0H8mUkyVqXZHF3mT/92iIh1N94Owi/f66cPVNsk9BdGKq5gVpoKO+7UxaNzuEH1roJp2QEwsCZMvBLpqg==",
      "cpu": [
        "arm64"
      ],
      "license": "MIT",
      "optional": true,
      "os": [
        "linux"
      ]
    },
    "node_modules/@libsql/linux-x64-gnu": {
      "version": "0.5.29",
      "resolved": "https://registry.npmjs.org/@libsql/linux-x64-gnu/-/linux-x64-gnu-0.5.29.tgz",
      "integrity": "sha512-y14V0vY0nmMC6G0pHeJcEarcnGU2H6cm21ZceRkacWHvQAEhAG0latQkCtoS2njFOXiYIg+JYPfAoWKbi82rkg==",
      "cpu": [
        "x64"
      ],
      "license": "MIT",
      "optional": true,
      "os": [
        "linux"
      ]
    },
    "node_modules/@libsql/linux-x64-musl": {
      "version": "0.5.29",
      "resolved": "https://registry.npmjs.org/@libsql/linux-x64-musl/-/linux-x64-musl-0.5.29.tgz",
      "integrity": "sha512-gquqwA/39tH4pFl+J9n3SOMSymjX+6kZ3kWgY3b94nXFTwac9bnFNMffIomgvlFaC4ArVqMnOZD3nuJ3H3VO1w==",
      "cpu": [
        "x64"
      ],
      "license": "MIT",
      "optional": true,
      "os": [
        "linux"
      ]
    },
    "node_modules/@libsql/win32-x64-msvc": {
      "version": "0.5.29",
      "resolved": "https://registry.npmjs.org/@libsql/win32-x64-msvc/-/win32-x64-msvc-0.5.29.tgz",
      "integrity": "sha512-4/0CvEdhi6+KjMxMaVbFM2n2Z44escBRoEYpR+gZg64DdetzGnYm8mcNLcoySaDJZNaBd6wz5DNdgRmcI4hXcg==",
      "cpu": [
        "x64"
      ],
      "license": "MIT",
      "optional": true,
      "os": [
        "win32"
      ]
    },
    "node_modules/@neon-rs/load": {
      "version": "0.0.4",
      "resolved": "https://registry.npmjs.org/@neon-rs/load/-/load-0.0.4.tgz",
      "integrity": "sha512-kTPhdZyTQxB+2wpiRcFWrDcejc4JI6tkPuS7UZCG4l6Zvc5kU/gGQ/ozvHTh1XR5tS+UlfAfGuPajjzQjCiHCw==",
      "license": "MIT"
    },
    "node_modules/@noble/ciphers": {
      "version": "2.2.0",
      "resolved": "https://registry.npmjs.org/@noble/ciphers/-/ciphers-2.2.0.tgz",
      "integrity": "sha512-Z6pjIZ/8IJcCGzb2S/0Px5J81yij85xASuk1teLNeg75bfT07MV3a/O2Mtn1I2se43k3lkVEcFaR10N4cgQcZA==",
      "license": "MIT",
      "engines": {
        "node": ">= 20.19.0"
      },
      "funding": {
        "url": "https://paulmillr.com/funding/"
      }
    },
    "node_modules/@noble/hashes": {
      "version": "2.2.0",
      "resolved": "https://registry.npmjs.org/@noble/hashes/-/hashes-2.2.0.tgz",
      "integrity": "sha512-IYqDGiTXab6FniAgnSdZwgWbomxpy9FtYvLKs7wCUs2a8RkITG+DFGO1DM9cr+E3/RgADRpFjrKVaJ1z6sjtEg==",
      "license": "MIT",
      "engines": {
        "node": ">= 20.19.0"
      },
      "funding": {
        "url": "https://paulmillr.com/funding/"
      }
    },
    "node_modules/@opentelemetry/semantic-conventions": {
      "version": "1.41.1",
      "resolved": "https://registry.npmjs.org/@opentelemetry/semantic-conventions/-/semantic-conventions-1.41.1.tgz",
      "integrity": "sha512-/UhIkaZgPutTFmQ7RnIJGgDXZmtEJ7Dvi86xNTFWcnRxVRNk/aotsqDJYeEvDP+FSMB2SdW+pQzNMcWP0rwuNA==",
      "license": "Apache-2.0",
      "engines": {
        "node": ">=14"
      }
    },
    "node_modules/@standard-schema/spec": {
      "version": "1.1.0",
      "resolved": "https://registry.npmjs.org/@standard-schema/spec/-/spec-1.1.0.tgz",
      "integrity": "sha512-l2aFy5jALhniG5HgqrD6jXLi/rUWrKvqN/qJx6yoJsgKhblVd+iqqU4RCXavm/jPityDo5TCvKMnpjKnOriy0w==",
      "license": "MIT"
    },
    "node_modules/@types/node": {
      "version": "25.9.1",
      "resolved": "https://registry.npmjs.org/@types/node/-/node-25.9.1.tgz",
      "integrity": "sha512-xfrlY7UD5rMJk3ZVJP8BNzS28J36YJg+xp+LPXV1TdWxr8uMH5A860QNxYDGQe/ylDSgjxE52Q9VnO7p75tJxg==",
      "license": "MIT",
      "dependencies": {
        "undici-types": ">=7.24.0 <7.24.7"
      }
    },
    "node_modules/@types/ws": {
      "version": "8.18.1",
      "resolved": "https://registry.npmjs.org/@types/ws/-/ws-8.18.1.tgz",
      "integrity": "sha512-ThVF6DCVhA8kUGy+aazFQ4kXQ7E1Ty7A3ypFOe0IcJV8O/M511G99AW24irKrW56Wt44yG9+ij8FaqoBGkuBXg==",
      "license": "MIT",
      "dependencies": {
        "@types/node": "*"
      }
    },
    "node_modules/aws4": {
      "version": "1.13.2",
      "resolved": "https://registry.npmjs.org/aws4/-/aws4-1.13.2.tgz",
      "integrity": "sha512-lHe62zvbTB5eEABUVi/AwVh0ZKY9rMMDhmm+eeyuuUQbQ3+J+fONVQOZyj+DdrvD4BY33uYniyRJ4UJIaSKAfw==",
      "license": "MIT"
    },
    "node_modules/better-auth": {
      "version": "1.6.12",
      "resolved": "https://registry.npmjs.org/better-auth/-/better-auth-1.6.12.tgz",
      "integrity": "sha512-vJG8hB+zcayZEJgcWGTzP2XODZuf/WKViOtam+uhhQ9879yc7fDWAV9O4jSs+R28noSXIAaB3zhIMN3DaDO3cA==",
      "license": "MIT",
      "dependencies": {
        "@better-auth/core": "1.6.12",
        "@better-auth/drizzle-adapter": "1.6.12",
        "@better-auth/kysely-adapter": "1.6.12",
        "@better-auth/memory-adapter": "1.6.12",
        "@better-auth/mongo-adapter": "1.6.12",
        "@better-auth/prisma-adapter": "1.6.12",
        "@better-auth/telemetry": "1.6.12",
        "@better-auth/utils": "0.4.1",
        "@better-fetch/fetch": "1.1.21",
        "@noble/ciphers": "^2.1.1",
        "@noble/hashes": "^2.0.1",
        "better-call": "1.3.5",
        "defu": "^6.1.4",
        "jose": "^6.1.3",
        "kysely": "^0.28.17 || ^0.29.0",
        "nanostores": "^1.1.1",
        "zod": "^4.3.6"
      },
      "peerDependencies": {
        "@lynx-js/react": "*",
        "@prisma/client": "^5.0.0 || ^6.0.0 || ^7.0.0",
        "@sveltejs/kit": "^2.0.0",
        "@tanstack/react-start": "^1.0.0",
        "@tanstack/solid-start": "^1.0.0",
        "better-sqlite3": "^12.0.0",
        "drizzle-kit": ">=0.31.4",
        "drizzle-orm": "^0.45.2",
        "mongodb": "^6.0.0 || ^7.0.0",
        "mysql2": "^3.0.0",
        "next": "^14.0.0 || ^15.0.0 || ^16.0.0",
        "pg": "^8.0.0",
        "prisma": "^5.0.0 || ^6.0.0 || ^7.0.0",
        "react": "^18.0.0 || ^19.0.0",
        "react-dom": "^18.0.0 || ^19.0.0",
        "solid-js": "^1.0.0",
        "svelte": "^4.0.0 || ^5.0.0",
        "vitest": "^2.0.0 || ^3.0.0 || ^4.0.0",
        "vue": "^3.0.0"
      },
      "peerDependenciesMeta": {
        "@lynx-js/react": {
          "optional": true
        },
        "@prisma/client": {
          "optional": true
        },
        "@sveltejs/kit": {
          "optional": true
        },
        "@tanstack/react-start": {
          "optional": true
        },
        "@tanstack/solid-start": {
          "optional": true
        },
        "better-sqlite3": {
          "optional": true
        },
        "drizzle-kit": {
          "optional": true
        },
        "drizzle-orm": {
          "optional": true
        },
        "mongodb": {
          "optional": true
        },
        "mysql2": {
          "optional": true
        },
        "next": {
          "optional": true
        },
        "pg": {
          "optional": true
        },
        "prisma": {
          "optional": true
        },
        "react": {
          "optional": true
        },
        "react-dom": {
          "optional": true
        },
        "solid-js": {
          "optional": true
        },
        "svelte": {
          "optional": true
        },
        "vitest": {
          "optional": true
        },
        "vue": {
          "optional": true
        }
      }
    },
    "node_modules/better-call": {
      "version": "1.3.5",
      "resolved": "https://registry.npmjs.org/better-call/-/better-call-1.3.5.tgz",
      "integrity": "sha512-kOFJkBP7utAQLEYrobZm3vkTH8mXq5GNgvjc5/XEST1ilVHaxXUXfeDeFlqoETMtyqS4+3/h4ONX2i++ebZrvA==",
      "license": "MIT",
      "dependencies": {
        "@better-auth/utils": "^0.4.0",
        "@better-fetch/fetch": "^1.1.21",
        "rou3": "^0.7.12",
        "set-cookie-parser": "^3.0.1"
      },
      "peerDependencies": {
        "zod": "^4.0.0"
      },
      "peerDependenciesMeta": {
        "zod": {
          "optional": true
        }
      }
    },
    "node_modules/cookie": {
      "version": "1.1.1",
      "resolved": "https://registry.npmjs.org/cookie/-/cookie-1.1.1.tgz",
      "integrity": "sha512-ei8Aos7ja0weRpFzJnEA9UHJ/7XQmqglbRwnf2ATjcB9Wq874VKH9kfjjirM6UhU2/E5fFYadylyhFldcqSidQ==",
      "license": "MIT",
      "engines": {
        "node": ">=18"
      },
      "funding": {
        "type": "opencollective",
        "url": "https://opencollective.com/express"
      }
    },
    "node_modules/cookie-signature": {
      "version": "1.2.2",
      "resolved": "https://registry.npmjs.org/cookie-signature/-/cookie-signature-1.2.2.tgz",
      "integrity": "sha512-D76uU73ulSXrD1UXF4KE2TMxVVwhsnCgfAyTg9k8P6KGZjlXKrOLe4dJQKI3Bxi5wjesZoFXJWElNWBjPZMbhg==",
      "license": "MIT",
      "engines": {
        "node": ">=6.6.0"
      }
    },
    "node_modules/csrf": {
      "version": "3.1.0",
      "resolved": "https://registry.npmjs.org/csrf/-/csrf-3.1.0.tgz",
      "integrity": "sha512-uTqEnCvWRk042asU6JtapDTcJeeailFy4ydOQS28bj1hcLnYRiqi8SsD2jS412AY1I/4qdOwWZun774iqywf9w==",
      "license": "MIT",
      "dependencies": {
        "rndm": "1.2.0",
        "tsscmp": "1.0.6",
        "uid-safe": "2.1.5"
      },
      "engines": {
        "node": ">= 0.8"
      }
    },
    "node_modules/date-fns": {
      "version": "4.4.0",
      "resolved": "https://registry.npmjs.org/date-fns/-/date-fns-4.4.0.tgz",
      "integrity": "sha512-+1UMbeh68lH1SegH83CGWwpb6OHHbpSgr3+s5Eww5M4CAgswBpoWS0AjTOfEJ33HiYKz1hdj/KTFprzXHmq/6w==",
      "license": "MIT",
      "funding": {
        "type": "github",
        "url": "https://github.com/sponsors/kossnocorp"
      }
    },
    "node_modules/defu": {
      "version": "6.1.7",
      "resolved": "https://registry.npmjs.org/defu/-/defu-6.1.7.tgz",
      "integrity": "sha512-7z22QmUWiQ/2d0KkdYmANbRUVABpZ9SNYyH5vx6PZ+nE5bcC0l7uFvEfHlyld/HcGBFTL536ClDt3DEcSlEJAQ==",
      "license": "MIT"
    },
    "node_modules/detect-libc": {
      "version": "2.0.2",
      "resolved": "https://registry.npmjs.org/detect-libc/-/detect-libc-2.0.2.tgz",
      "integrity": "sha512-UX6sGumvvqSaXgdKGUsgZWqcUyIXZ/vZTrlRT/iobiKhGL0zL4d3osHj3uqllWJK+i+sixDS/3COVEOFbupFyw==",
      "license": "Apache-2.0",
      "engines": {
        "node": ">=8"
      }
    },
    "node_modules/jose": {
      "version": "6.2.3",
      "resolved": "https://registry.npmjs.org/jose/-/jose-6.2.3.tgz",
      "integrity": "sha512-YYVDInQKFJfR/xa3ojUTl8c2KoTwiL1R5Wg9YCydwH0x0B9grbzlg5HC7mMjCtUJjbQ/YnGEZIhI5tCgfTb4Hw==",
      "license": "MIT",
      "funding": {
        "url": "https://github.com/sponsors/panva"
      }
    },
    "node_modules/js-base64": {
      "version": "3.7.8",
      "resolved": "https://registry.npmjs.org/js-base64/-/js-base64-3.7.8.tgz",
      "integrity": "sha512-hNngCeKxIUQiEUN3GPJOkz4wF/YvdUdbNL9hsBcMQTkKzboD7T/q3OYOuuPZLUE6dBxSGpwhk5mwuDud7JVAow==",
      "license": "BSD-3-Clause"
    },
    "node_modules/kysely": {
      "version": "0.29.2",
      "resolved": "https://registry.npmjs.org/kysely/-/kysely-0.29.2.tgz",
      "integrity": "sha512-s6WVJyEZrbm6jhBpiKHsGHyePMrVQKJ85wZCFCr9W4QHv6WTjWIrdvTmO9hDEA3bNK0xkrE2DqrHsXMLWuZpQg==",
      "license": "MIT",
      "engines": {
        "node": ">=22.0.0"
      }
    },
    "node_modules/libsql": {
      "version": "0.5.29",
      "resolved": "https://registry.npmjs.org/libsql/-/libsql-0.5.29.tgz",
      "integrity": "sha512-8lMP8iMgiBzzoNbAPQ59qdVcj6UaE/Vnm+fiwX4doX4Narook0a4GPKWBEv+CR8a1OwbfkgL18uBfBjWdF0Fzg==",
      "cpu": [
        "x64",
        "arm64",
        "wasm32",
        "arm"
      ],
      "license": "MIT",
      "os": [
        "darwin",
        "linux",
        "win32"
      ],
      "dependencies": {
        "@neon-rs/load": "^0.0.4",
        "detect-libc": "2.0.2"
      },
      "optionalDependencies": {
        "@libsql/darwin-arm64": "0.5.29",
        "@libsql/darwin-x64": "0.5.29",
        "@libsql/linux-arm-gnueabihf": "0.5.29",
        "@libsql/linux-arm-musleabihf": "0.5.29",
        "@libsql/linux-arm64-gnu": "0.5.29",
        "@libsql/linux-arm64-musl": "0.5.29",
        "@libsql/linux-x64-gnu": "0.5.29",
        "@libsql/linux-x64-musl": "0.5.29",
        "@libsql/win32-x64-msvc": "0.5.29"
      }
    },
    "node_modules/nanostores": {
      "version": "1.3.0",
      "resolved": "https://registry.npmjs.org/nanostores/-/nanostores-1.3.0.tgz",
      "integrity": "sha512-XPUa/jz+P1oJvN9VBxw4L9MtdFfaH3DAryqPssqhb2kXjmb9npz0dly6rCsgFWOPr4Yg9mTfM3MDZgZZ+7A3lA==",
      "funding": [
        {
          "type": "github",
          "url": "https://github.com/sponsors/ai"
        }
      ],
      "license": "MIT",
      "engines": {
        "node": "^20.0.0 || >=22.0.0"
      }
    },
    "node_modules/node-webtokens": {
      "version": "1.0.4",
      "resolved": "https://registry.npmjs.org/node-webtokens/-/node-webtokens-1.0.4.tgz",
      "integrity": "sha512-Sla56CeSLWvPbwud2kogqf5edQtKNXZBtXDDpmOzAgNZjwETbK/Am6PXfs54iZPLBm8K8amZ9XWaCQwGqZmKyQ==",
      "license": "MIT",
      "engines": {
        "node": ">=6.6.0"
      }
    },
    "node_modules/promise-limit": {
      "version": "2.7.0",
      "resolved": "https://registry.npmjs.org/promise-limit/-/promise-limit-2.7.0.tgz",
      "integrity": "sha512-7nJ6v5lnJsXwGprnGXga4wx6d1POjvi5Qmf1ivTRxTjH4Z/9Czja/UCMLVmB9N93GeWOU93XaFaEt6jbuoagNw==",
      "license": "ISC"
    },
    "node_modules/queue-microtask": {
      "version": "1.2.3",
      "resolved": "https://registry.npmjs.org/queue-microtask/-/queue-microtask-1.2.3.tgz",
      "integrity": "sha512-NuaNSa6flKT5JaSYQzJok04JzTL1CA6aGhv5rfLW3PgqA+M2ChpZQnAC8h8i4ZFkBS8X5RqkDBHA7r4hej3K9A==",
      "funding": [
        {
          "type": "github",
          "url": "https://github.com/sponsors/feross"
        },
        {
          "type": "patreon",
          "url": "https://www.patreon.com/feross"
        },
        {
          "type": "consulting",
          "url": "https://feross.org/support"
        }
      ],
      "license": "MIT"
    },
    "node_modules/random-bytes": {
      "version": "1.0.0",
      "resolved": "https://registry.npmjs.org/random-bytes/-/random-bytes-1.0.0.tgz",
      "integrity": "sha512-iv7LhNVO047HzYR3InF6pUcUsPQiHTM1Qal51DcGSuZFBil1aBBWG5eHPNek7bvILMaYJ/8RU1e8w1AMdHmLQQ==",
      "license": "MIT",
      "engines": {
        "node": ">= 0.8"
      }
    },
    "node_modules/rndm": {
      "version": "1.2.0",
      "resolved": "https://registry.npmjs.org/rndm/-/rndm-1.2.0.tgz",
      "integrity": "sha512-fJhQQI5tLrQvYIYFpOnFinzv9dwmR7hRnUz1XqP3OJ1jIweTNOd6aTO4jwQSgcBSFUB+/KHJxuGneime+FdzOw==",
      "license": "MIT"
    },
    "node_modules/rou3": {
      "version": "0.7.12",
      "resolved": "https://registry.npmjs.org/rou3/-/rou3-0.7.12.tgz",
      "integrity": "sha512-iFE4hLDuloSWcD7mjdCDhx2bKcIsYbtOTpfH5MHHLSKMOUyjqQXTeZVa289uuwEGEKFoE/BAPbhaU4B774nceg==",
      "license": "MIT"
    },
    "node_modules/run-parallel": {
      "version": "1.2.0",
      "resolved": "https://registry.npmjs.org/run-parallel/-/run-parallel-1.2.0.tgz",
      "integrity": "sha512-5l4VyZR86LZ/lDxZTR6jqL8AFE2S0IFLMP26AbjsLVADxHdhB/c0GUsH+y39UfCi3dzz8OlQuPmnaJOMoDHQBA==",
      "funding": [
        {
          "type": "github",
          "url": "https://github.com/sponsors/feross"
        },
        {
          "type": "patreon",
          "url": "https://www.patreon.com/feross"
        },
        {
          "type": "consulting",
          "url": "https://feross.org/support"
        }
      ],
      "license": "MIT",
      "dependencies": {
        "queue-microtask": "^1.2.2"
      }
    },
    "node_modules/run-waterfall": {
      "version": "1.1.7",
      "resolved": "https://registry.npmjs.org/run-waterfall/-/run-waterfall-1.1.7.tgz",
      "integrity": "sha512-iFPgh7SatHXOG1ClcpdwHI63geV3Hc/iL6crGSyBlH2PY7Rm/za+zoKz6FfY/Qlw5K7JwSol8pseO8fN6CMhhQ==",
      "funding": [
        {
          "type": "github",
          "url": "https://github.com/sponsors/feross"
        },
        {
          "type": "patreon",
          "url": "https://www.patreon.com/feross"
        },
        {
          "type": "consulting",
          "url": "https://feross.org/support"
        }
      ],
      "license": "MIT"
    },
    "node_modules/set-cookie-parser": {
      "version": "3.1.0",
      "resolved": "https://registry.npmjs.org/set-cookie-parser/-/set-cookie-parser-3.1.0.tgz",
      "integrity": "sha512-kjnC1DXBHcxaOaOXBHBeRtltsDG2nUiUni+jP92M9gYdW12rsmx92UsfpH7o5tDRs7I1ZZPSQJQGv3UaRfCiuw==",
      "license": "MIT"
    },
    "node_modules/tsscmp": {
      "version": "1.0.6",
      "resolved": "https://registry.npmjs.org/tsscmp/-/tsscmp-1.0.6.tgz",
      "integrity": "sha512-LxhtAkPDTkVCMQjt2h6eBVY28KCjikZqZfMcC15YBeNjkgUpdCfBu5HoiOTDu86v6smE8yOjyEktJ8hlbANHQA==",
      "license": "MIT",
      "engines": {
        "node": ">=0.6.x"
      }
    },
    "node_modules/uid-safe": {
      "version": "2.1.5",
      "resolved": "https://registry.npmjs.org/uid-safe/-/uid-safe-2.1.5.tgz",
      "integrity": "sha512-KPHm4VL5dDXKz01UuEd88Df+KzynaohSL9fBh096KWAxSKZQDI2uBrVqtvRM4rwrIrRRKsdLNML/lnaaVSRioA==",
      "license": "MIT",
      "dependencies": {
        "random-bytes": "~1.0.0"
      },
      "engines": {
        "node": ">= 0.8"
      }
    },
    "node_modules/undici-types": {
      "version": "7.24.6",
      "resolved": "https://registry.npmjs.org/undici-types/-/undici-types-7.24.6.tgz",
      "integrity": "sha512-WRNW+sJgj5OBN4/0JpHFqtqzhpbnV0GuB+OozA9gCL7a993SmU+1JBZCzLNxYsbMfIeDL+lTsphD5jN5N+n0zg==",
      "license": "MIT"
    },
    "node_modules/ws": {
      "version": "8.21.0",
      "resolved": "https://registry.npmjs.org/ws/-/ws-8.21.0.tgz",
      "integrity": "sha512-Vsp28b7DRcimFQvrqu2Wek3z1iYxDCWqHYB8Qsnk/S4RfaCQzPGPyBNuVjJV3cd6UiKtUtp6sNM77gWvzcCH+g==",
      "license": "MIT",
      "engines": {
        "node": ">=10.0.0"
      },
      "peerDependencies": {
        "bufferutil": "^4.0.1",
        "utf-8-validate": ">=5.0.2"
      },
      "peerDependenciesMeta": {
        "bufferutil": {
          "optional": true
        },
        "utf-8-validate": {
          "optional": true
        }
      }
    },
    "node_modules/zod": {
      "version": "4.4.3",
      "resolved": "https://registry.npmjs.org/zod/-/zod-4.4.3.tgz",
      "integrity": "sha512-ytENFjIJFl2UwYglde2jchW2Hwm4GJFLDiSXWdTrJQBIN9Fcyp7n4DhxJEiWNAJMV1/BqWfW/kkg71UDcHJyTQ==",
      "license": "MIT",
      "funding": {
        "url": "https://github.com/sponsors/colinhacks"
      }
    }
  }
}
